
Microsoft Visual Studio Solution File, Format Version 12.00
# Visual Studio 15
VisualStudioVersion = 15.0.28307.489
MinimumVisualStudioVersion = 10.0.40219.1
Project("{FAE04EC0-301F-11D3-BF4B-00C04F79EFBC}") = "WebBrowser.UI", "WebBrowser.UI\WebBrowser.UI.csproj", "{67CE3DE9-72AE-41EC-8EC1-63022D195904}"
EndProject
Project("{FAE04EC0-301F-11D3-BF4B-00C04F79EFBC}") = "WebBrowser.Logic", "WebBrowser.Logic\WebBrowser.Logic.csproj", "{6200BA40-890D-4D37-911F-0530EFBEB895}"
EndProject
Project("{FAE04EC0-301F-11D3-BF4B-00C04F79EFBC}") = "WebBrowser.Data", "WebBrowser.Data\WebBrowser.Data.csproj", "{A80CE55A-B0D8-478D-A006-A775EC7E1024}"
EndProject
Global
	GlobalSection(SolutionConfigurationPlatforms) = preSolution
		Debug|Any CPU = Debug|Any CPU
		Release|Any CPU = Release|Any CPU
	EndGlobalSection
	GlobalSection(ProjectConfigurationPlatforms) = postSolution
		{67CE3DE9-72AE-41EC-8EC1-63022D195904}.Debug|Any CPU.ActiveCfg = Debug|Any CPU
		{67CE3DE9-72AE-41EC-8EC1-63022D195904}.Debug|Any CPU.Build.0 = Debug|Any CPU
		{67CE3DE9-72AE-41EC-8EC1-63022D195904}.Release|Any CPU.ActiveCfg = Release|Any CPU
		{67CE3DE9-72AE-41EC-8EC1-63022D195904}.Release|Any CPU.Build.0 = Release|Any CPU
		{6200BA40-890D-4D37-911F-0530EFBEB895}.Debug|Any CPU.ActiveCfg = Debug|Any CPU
		{6200BA40-890D-4D37-911F-0530EFBEB895}.Debug|Any CPU.Build.0 = Debug|Any CPU
		{6200BA40-890D-4D37-911F-0530EFBEB895}.Release|Any CPU.ActiveCfg = Release|Any CPU
		{6200BA40-890D-4D37-911F-0530EFBEB895}.Release|Any CPU.Build.0 = Release|Any CPU
		{A80CE55A-B0D8-478D-A006-A775EC7E1024}.Debug|Any CPU.ActiveCfg = Debug|Any CPU
		{A80CE55A-B0D8-478D-A006-A775EC7E1024}.Debug|Any CPU.Build.0 = Debug|Any CPU
		{A80CE55A-B0D8-478D-A006-A775EC7E1024}.Release|Any CPU.ActiveCfg = Release|Any CPU
		{A80CE55A-B0D8-478D-A006-A775EC7E1024}.Release|Any CPU.Build.0 = Release|Any CPU
	EndGlobalSection
	GlobalSection(SolutionProperties) = preSolution
		HideSolutionNode = FALSE
	EndGlobalSection
	GlobalSection(ExtensibilityGlobals) = postSolution
		SolutionGuid = {0B7E4DFB-042C-468F-9643-58228F8875E6}
	EndGlobalSection
EndGlobal
